
Microsoft Visual Studio Solution File, Format Version 12.00
# Visual Studio Version 17
VisualStudioVersion = 17.11.35312.102
MinimumVisualStudioVersion = 10.0.40219.1
Project("{FAE04EC0-301F-11D3-BF4B-00C04F79EFBC}") = "EntrenaPersonal", "EntrenaPersonal\EntrenaPersonal.csproj", "{9EB7ABAC-981E-4C96-8E60-89EA8D1EC16A}"
EndProject
Global
	GlobalSection(SolutionConfigurationPlatforms) = preSolution
		Debug|Any CPU = Debug|Any CPU
		Release|Any CPU = Release|Any CPU
	EndGlobalSection
	GlobalSection(ProjectConfigurationPlatforms) = postSolution
		{9EB7ABAC-981E-4C96-8E60-89EA8D1EC16A}.Debug|Any CPU.ActiveCfg = Debug|Any CPU
		{9EB7ABAC-981E-4C96-8E60-89EA8D1EC16A}.Debug|Any CPU.Build.0 = Debug|Any CPU
		{9EB7ABAC-981E-4C96-8E60-89EA8D1EC16A}.Debug|Any CPU.Deploy.0 = Debug|Any CPU
		{9EB7ABAC-981E-4C96-8E60-89EA8D1EC16A}.Release|Any CPU.ActiveCfg = Release|Any CPU
		{9EB7ABAC-981E-4C96-8E60-89EA8D1EC16A}.Release|Any CPU.Build.0 = Release|Any CPU
		{9EB7ABAC-981E-4C96-8E60-89EA8D1EC16A}.Release|Any CPU.Deploy.0 = Release|Any CPU
	EndGlobalSection
	GlobalSection(SolutionProperties) = preSolution
		HideSolutionNode = FALSE
	EndGlobalSection
	GlobalSection(ExtensibilityGlobals) = postSolution
		SolutionGuid = {2315C894-AC7E-4D0E-82DC-590087BFECDA}
	EndGlobalSection
EndGlobal
